// !$*UTF8*$!
{
	archiveVersion = 1;
	classes = {
	};
	objectVersion = 56;
	objects = {

/* Begin PBXBuildFile section */
		47074F6D2C316933003CF2B7 /* NewEreaCard.swift in Sources */ = {isa = PBXBuildFile; fileRef = 47074F6C2C316933003CF2B7 /* NewEreaCard.swift */; };
		47074F6F2C318162003CF2B7 /* NewPlaceCard.swift in Sources */ = {isa = PBXBuildFile; fileRef = 47074F6E2C318162003CF2B7 /* NewPlaceCard.swift */; };
		471E48CB2BE3AAA8008B0AE7 /* Yokoso_Map_PracticeApp.swift in Sources */ = {isa = PBXBuildFile; fileRef = 471E48CA2BE3AAA8008B0AE7 /* Yokoso_Map_PracticeApp.swift */; };
		471E48CD2BE3AAA8008B0AE7 /* ContentView.swift in Sources */ = {isa = PBXBuildFile; fileRef = 471E48CC2BE3AAA8008B0AE7 /* ContentView.swift */; };
		471E48CF2BE3AAAA008B0AE7 /* Assets.xcassets in Resources */ = {isa = PBXBuildFile; fileRef = 471E48CE2BE3AAAA008B0AE7 /* Assets.xcassets */; };
		471E48D22BE3AAAA008B0AE7 /* Preview Assets.xcassets in Resources */ = {isa = PBXBuildFile; fileRef = 471E48D12BE3AAAA008B0AE7 /* Preview Assets.xcassets */; };
		4746AE302C3A85C4005C91FB /* TutorialView.swift in Sources */ = {isa = PBXBuildFile; fileRef = 4746AE2F2C3A85C4005C91FB /* TutorialView.swift */; };
		4746AE882C482A97005C91FB /* SearchView.swift in Sources */ = {isa = PBXBuildFile; fileRef = 4746AE872C482A97005C91FB /* SearchView.swift */; };
		4754EA362BECB1DB00FC17E6 /* StationPoint.swift in Sources */ = {isa = PBXBuildFile; fileRef = 4754EA352BECB1DB00FC17E6 /* StationPoint.swift */; };
		4754EA3A2BEDC1DB00FC17E6 /* StationDetail.swift in Sources */ = {isa = PBXBuildFile; fileRef = 4754EA392BEDC1DB00FC17E6 /* StationDetail.swift */; };
		4754EA3C2BEDC78F00FC17E6 /* TestView.swift in Sources */ = {isa = PBXBuildFile; fileRef = 4754EA3B2BEDC78F00FC17E6 /* TestView.swift */; };
		475B6FB72C15BD470031DCC8 /* HomeView.swift in Sources */ = {isa = PBXBuildFile; fileRef = 475B6FB62C15BD470031DCC8 /* HomeView.swift */; };
		475B6FBA2C16F4880031DCC8 /* TabViewImage.swift in Sources */ = {isa = PBXBuildFile; fileRef = 475B6FB92C16F4880031DCC8 /* TabViewImage.swift */; };
		475B6FBC2C16FA7D0031DCC8 /* WordButtonView.swift in Sources */ = {isa = PBXBuildFile; fileRef = 475B6FBB2C16FA7D0031DCC8 /* WordButtonView.swift */; };
		475B6FBE2C1705950031DCC8 /* LandmarkCardView.swift in Sources */ = {isa = PBXBuildFile; fileRef = 475B6FBD2C1705950031DCC8 /* LandmarkCardView.swift */; };
		478B6E5E2C1FFAB3001E9F32 /* NewPlaceView.swift in Sources */ = {isa = PBXBuildFile; fileRef = 478B6E5D2C1FFAB3001E9F32 /* NewPlaceView.swift */; };
		478B6E602C1FFCE4001E9F32 /* TabImageView.swift in Sources */ = {isa = PBXBuildFile; fileRef = 478B6E5F2C1FFCE4001E9F32 /* TabImageView.swift */; };
		47A52E8F2BF23A1000124352 /* HalfsheetView.swift in Sources */ = {isa = PBXBuildFile; fileRef = 47A52E8E2BF23A1000124352 /* HalfsheetView.swift */; };
		47A52E912BF34C6600124352 /* MapView.swift in Sources */ = {isa = PBXBuildFile; fileRef = 47A52E902BF34C6600124352 /* MapView.swift */; };
		47A52EEE2BF8E4D900124352 /* NewTestView.swift in Sources */ = {isa = PBXBuildFile; fileRef = 47A52EED2BF8E4D900124352 /* NewTestView.swift */; };
		47B5EA6D2C2D46C1007B529E /* LauchScreen.swift in Sources */ = {isa = PBXBuildFile; fileRef = 47B5EA6C2C2D46C1007B529E /* LauchScreen.swift */; };
		47B885002C24098B003047F1 /* SettingView.swift in Sources */ = {isa = PBXBuildFile; fileRef = 47B884FF2C24098B003047F1 /* SettingView.swift */; };
		47B885042C240AAB003047F1 /* TermsView.swift in Sources */ = {isa = PBXBuildFile; fileRef = 47B885032C240AAB003047F1 /* TermsView.swift */; };
		47B885062C240ACB003047F1 /* PrivacyPolicyView.swift in Sources */ = {isa = PBXBuildFile; fileRef = 47B885052C240ACB003047F1 /* PrivacyPolicyView.swift */; };
		47BFE97B2BE8ABB8009E4D8D /* LocationManager.swift in Sources */ = {isa = PBXBuildFile; fileRef = 47BFE97A2BE8ABB8009E4D8D /* LocationManager.swift */; };
		47BFE97D2BEC9341009E4D8D /* StationModel.swift in Sources */ = {isa = PBXBuildFile; fileRef = 47BFE97C2BEC9341009E4D8D /* StationModel.swift */; };
		47C8867E2C08917E006C2A68 /* ContentView2.swift in Sources */ = {isa = PBXBuildFile; fileRef = 47C8867D2C08917E006C2A68 /* ContentView2.swift */; };
		47C886872C0D5C66006C2A68 /* MapView-Test.swift in Sources */ = {isa = PBXBuildFile; fileRef = 47C886862C0D5C66006C2A68 /* MapView-Test.swift */; };
		47C886932C0E1FB4006C2A68 /* LocationPreview.swift in Sources */ = {isa = PBXBuildFile; fileRef = 47C886922C0E1FB4006C2A68 /* LocationPreview.swift */; };
		47C886952C109882006C2A68 /* SwiftUIView.swift in Sources */ = {isa = PBXBuildFile; fileRef = 47C886942C109882006C2A68 /* SwiftUIView.swift */; };
		47C886B62C119366006C2A68 /* PlaceSearchText.swift in Sources */ = {isa = PBXBuildFile; fileRef = 47C886B52C119366006C2A68 /* PlaceSearchText.swift */; };
/* End PBXBuildFile section */

/* Begin PBXFileReference section */
		47074F6C2C316933003CF2B7 /* NewEreaCard.swift */ = {isa = PBXFileReference; lastKnownFileType = sourcecode.swift; path = NewEreaCard.swift; sourceTree = "<group>"; };
		47074F6E2C318162003CF2B7 /* NewPlaceCard.swift */ = {isa = PBXFileReference; lastKnownFileType = sourcecode.swift; path = NewPlaceCard.swift; sourceTree = "<group>"; };
		471E48C72BE3AAA8008B0AE7 /* Yokoso-Map-Practice.app */ = {isa = PBXFileReference; explicitFileType = wrapper.application; includeInIndex = 0; path = "Yokoso-Map-Practice.app"; sourceTree = BUILT_PRODUCTS_DIR; };
		471E48CA2BE3AAA8008B0AE7 /* Yokoso_Map_PracticeApp.swift */ = {isa = PBXFileReference; lastKnownFileType = sourcecode.swift; path = Yokoso_Map_PracticeApp.swift; sourceTree = "<group>"; };
		471E48CC2BE3AAA8008B0AE7 /* ContentView.swift */ = {isa = PBXFileReference; lastKnownFileType = sourcecode.swift; path = ContentView.swift; sourceTree = "<group>"; };
		471E48CE2BE3AAAA008B0AE7 /* Assets.xcassets */ = {isa = PBXFileReference; lastKnownFileType = folder.assetcatalog; path = Assets.xcassets; sourceTree = "<group>"; };
		471E48D12BE3AAAA008B0AE7 /* Preview Assets.xcassets */ = {isa = PBXFileReference; lastKnownFileType = folder.assetcatalog; path = "Preview Assets.xcassets"; sourceTree = "<group>"; };
		4746AE2F2C3A85C4005C91FB /* TutorialView.swift */ = {isa = PBXFileReference; lastKnownFileType = sourcecode.swift; path = TutorialView.swift; sourceTree = "<group>"; };
		4746AE872C482A97005C91FB /* SearchView.swift */ = {isa = PBXFileReference; lastKnownFileType = sourcecode.swift; path = SearchView.swift; sourceTree = "<group>"; };
		4754EA352BECB1DB00FC17E6 /* StationPoint.swift */ = {isa = PBXFileReference; lastKnownFileType = sourcecode.swift; path = StationPoint.swift; sourceTree = "<group>"; };
		4754EA392BEDC1DB00FC17E6 /* StationDetail.swift */ = {isa = PBXFileReference; lastKnownFileType = sourcecode.swift; path = StationDetail.swift; sourceTree = "<group>"; };
		4754EA3B2BEDC78F00FC17E6 /* TestView.swift */ = {isa = PBXFileReference; lastKnownFileType = sourcecode.swift; path = TestView.swift; sourceTree = "<group>"; };
		475B6FB62C15BD470031DCC8 /* HomeView.swift */ = {isa = PBXFileReference; lastKnownFileType = sourcecode.swift; path = HomeView.swift; sourceTree = "<group>"; };
		475B6FB92C16F4880031DCC8 /* TabViewImage.swift */ = {isa = PBXFileReference; lastKnownFileType = sourcecode.swift; path = TabViewImage.swift; sourceTree = "<group>"; };
		475B6FBB2C16FA7D0031DCC8 /* WordButtonView.swift */ = {isa = PBXFileReference; lastKnownFileType = sourcecode.swift; path = WordButtonView.swift; sourceTree = "<group>"; };
		475B6FBD2C1705950031DCC8 /* LandmarkCardView.swift */ = {isa = PBXFileReference; lastKnownFileType = sourcecode.swift; path = LandmarkCardView.swift; sourceTree = "<group>"; };
		478B6E5D2C1FFAB3001E9F32 /* NewPlaceView.swift */ = {isa = PBXFileReference; lastKnownFileType = sourcecode.swift; path = NewPlaceView.swift; sourceTree = "<group>"; };
		478B6E5F2C1FFCE4001E9F32 /* TabImageView.swift */ = {isa = PBXFileReference; lastKnownFileType = sourcecode.swift; path = TabImageView.swift; sourceTree = "<group>"; };
		47A52E8E2BF23A1000124352 /* HalfsheetView.swift */ = {isa = PBXFileReference; lastKnownFileType = sourcecode.swift; path = HalfsheetView.swift; sourceTree = "<group>"; };
		47A52E902BF34C6600124352 /* MapView.swift */ = {isa = PBXFileReference; lastKnownFileType = sourcecode.swift; path = MapView.swift; sourceTree = "<group>"; };
		47A52EED2BF8E4D900124352 /* NewTestView.swift */ = {isa = PBXFileReference; lastKnownFileType = sourcecode.swift; path = NewTestView.swift; sourceTree = "<group>"; };
		47B5EA6C2C2D46C1007B529E /* LauchScreen.swift */ = {isa = PBXFileReference; lastKnownFileType = sourcecode.swift; path = LauchScreen.swift; sourceTree = "<group>"; };
		47B5EA6E2C2D4B56007B529E /* Info.plist */ = {isa = PBXFileReference; lastKnownFileType = text.plist; path = Info.plist; sourceTree = "<group>"; };
		47B884FF2C24098B003047F1 /* SettingView.swift */ = {isa = PBXFileReference; lastKnownFileType = sourcecode.swift; path = SettingView.swift; sourceTree = "<group>"; };
		47B885032C240AAB003047F1 /* TermsView.swift */ = {isa = PBXFileReference; lastKnownFileType = sourcecode.swift; path = TermsView.swift; sourceTree = "<group>"; };
		47B885052C240ACB003047F1 /* PrivacyPolicyView.swift */ = {isa = PBXFileReference; lastKnownFileType = sourcecode.swift; path = PrivacyPolicyView.swift; sourceTree = "<group>"; };
		47BFE97A2BE8ABB8009E4D8D /* LocationManager.swift */ = {isa = PBXFileReference; lastKnownFileType = sourcecode.swift; path = LocationManager.swift; sourceTree = "<group>"; };
		47BFE97C2BEC9341009E4D8D /* StationModel.swift */ = {isa = PBXFileReference; lastKnownFileType = sourcecode.swift; path = StationModel.swift; sourceTree = "<group>"; };
		47C8867D2C08917E006C2A68 /* ContentView2.swift */ = {isa = PBXFileReference; lastKnownFileType = sourcecode.swift; path = ContentView2.swift; sourceTree = "<group>"; };
		47C886862C0D5C66006C2A68 /* MapView-Test.swift */ = {isa = PBXFileReference; lastKnownFileType = sourcecode.swift; path = "MapView-Test.swift"; sourceTree = "<group>"; };
		47C886922C0E1FB4006C2A68 /* LocationPreview.swift */ = {isa = PBXFileReference; lastKnownFileType = sourcecode.swift; path = LocationPreview.swift; sourceTree = "<group>"; };
		47C886942C109882006C2A68 /* SwiftUIView.swift */ = {isa = PBXFileReference; lastKnownFileType = sourcecode.swift; path = SwiftUIView.swift; sourceTree = "<group>"; };
		47C886B52C119366006C2A68 /* PlaceSearchText.swift */ = {isa = PBXFileReference; lastKnownFileType = sourcecode.swift; path = PlaceSearchText.swift; sourceTree = "<group>"; };
/* End PBXFileReference section */

/* Begin PBXFrameworksBuildPhase section */
		471E48C42BE3AAA8008B0AE7 /* Frameworks */ = {
			isa = PBXFrameworksBuildPhase;
			buildActionMask = 2147483647;
			files = (
			);
			runOnlyForDeploymentPostprocessing = 0;
		};
/* End PBXFrameworksBuildPhase section */

/* Begin PBXGroup section */
		471E48BE2BE3AAA8008B0AE7 = {
			isa = PBXGroup;
			children = (
				471E48C92BE3AAA8008B0AE7 /* Yokoso-Map-Practice */,
				471E48C82BE3AAA8008B0AE7 /* Products */,
			);
			sourceTree = "<group>";
		};
		471E48C82BE3AAA8008B0AE7 /* Products */ = {
			isa = PBXGroup;
			children = (
				471E48C72BE3AAA8008B0AE7 /* Yokoso-Map-Practice.app */,
			);
			name = Products;
			sourceTree = "<group>";
		};
		471E48C92BE3AAA8008B0AE7 /* Yokoso-Map-Practice */ = {
			isa = PBXGroup;
			children = (
				47B5EA6E2C2D4B56007B529E /* Info.plist */,
				47B884FE2C240967003047F1 /* New Group */,
				475B6FB52C15BD350031DCC8 /* NewUIView */,
				471E48CA2BE3AAA8008B0AE7 /* Yokoso_Map_PracticeApp.swift */,
				471E48CC2BE3AAA8008B0AE7 /* ContentView.swift */,
				47A52EED2BF8E4D900124352 /* NewTestView.swift */,
				47A52E902BF34C6600124352 /* MapView.swift */,
				4754EA392BEDC1DB00FC17E6 /* StationDetail.swift */,
				47BFE97A2BE8ABB8009E4D8D /* LocationManager.swift */,
				47BFE97C2BEC9341009E4D8D /* StationModel.swift */,
				4754EA352BECB1DB00FC17E6 /* StationPoint.swift */,
				4754EA3B2BEDC78F00FC17E6 /* TestView.swift */,
				47C8867D2C08917E006C2A68 /* ContentView2.swift */,
				4746AE872C482A97005C91FB /* SearchView.swift */,
				471E48CE2BE3AAAA008B0AE7 /* Assets.xcassets */,
				471E48D02BE3AAAA008B0AE7 /* Preview Content */,
				47A52E8E2BF23A1000124352 /* HalfsheetView.swift */,
				47C886862C0D5C66006C2A68 /* MapView-Test.swift */,
				47C886922C0E1FB4006C2A68 /* LocationPreview.swift */,
				47C886942C109882006C2A68 /* SwiftUIView.swift */,
				47C886B52C119366006C2A68 /* PlaceSearchText.swift */,
				478B6E5D2C1FFAB3001E9F32 /* NewPlaceView.swift */,
				478B6E5F2C1FFCE4001E9F32 /* TabImageView.swift */,
				47B5EA6C2C2D46C1007B529E /* LauchScreen.swift */,
			);
			path = "Yokoso-Map-Practice";
			sourceTree = "<group>";
		};
		471E48D02BE3AAAA008B0AE7 /* Preview Content */ = {
			isa = PBXGroup;
			children = (
				471E48D12BE3AAAA008B0AE7 /* Preview Assets.xcassets */,
			);
			path = "Preview Content";
			sourceTree = "<group>";
		};
		475B6FB52C15BD350031DCC8 /* NewUIView */ = {
			isa = PBXGroup;
			children = (
				475B6FB62C15BD470031DCC8 /* HomeView.swift */,
				475B6FB92C16F4880031DCC8 /* TabViewImage.swift */,
				475B6FBB2C16FA7D0031DCC8 /* WordButtonView.swift */,
				475B6FBD2C1705950031DCC8 /* LandmarkCardView.swift */,
				47074F6C2C316933003CF2B7 /* NewEreaCard.swift */,
				47074F6E2C318162003CF2B7 /* NewPlaceCard.swift */,
				4746AE2F2C3A85C4005C91FB /* TutorialView.swift */,
			);
			path = NewUIView;
			sourceTree = "<group>";
		};
		47B884FE2C240967003047F1 /* New Group */ = {
			isa = PBXGroup;
			children = (
				47B884FF2C24098B003047F1 /* SettingView.swift */,
				47B885032C240AAB003047F1 /* TermsView.swift */,
				47B885052C240ACB003047F1 /* PrivacyPolicyView.swift */,
			);
			path = "New Group";
			sourceTree = "<group>";
		};
/* End PBXGroup section */

/* Begin PBXNativeTarget section */
		471E48C62BE3AAA8008B0AE7 /* Yokoso-Map-Practice */ = {
			isa = PBXNativeTarget;
			buildConfigurationList = 471E48D52BE3AAAA008B0AE7 /* Build configuration list for PBXNativeTarget "Yokoso-Map-Practice" */;
			buildPhases = (
				471E48C32BE3AAA8008B0AE7 /* Sources */,
				471E48C42BE3AAA8008B0AE7 /* Frameworks */,
				471E48C52BE3AAA8008B0AE7 /* Resources */,
			);
			buildRules = (
			);
			dependencies = (
			);
			name = "Yokoso-Map-Practice";
			productName = "Yokoso-Map-Practice";
			productReference = 471E48C72BE3AAA8008B0AE7 /* Yokoso-Map-Practice.app */;
			productType = "com.apple.product-type.application";
		};
/* End PBXNativeTarget section */

/* Begin PBXProject section */
		471E48BF2BE3AAA8008B0AE7 /* Project object */ = {
			isa = PBXProject;
			attributes = {
				BuildIndependentTargetsInParallel = 1;
				LastSwiftUpdateCheck = 1520;
				LastUpgradeCheck = 1520;
				TargetAttributes = {
					471E48C62BE3AAA8008B0AE7 = {
						CreatedOnToolsVersion = 15.2;
					};
				};
			};
			buildConfigurationList = 471E48C22BE3AAA8008B0AE7 /* Build configuration list for PBXProject "Yokoso-Map-Practice" */;
			compatibilityVersion = "Xcode 14.0";
			developmentRegion = en;
			hasScannedForEncodings = 0;
			knownRegions = (
				en,
				Base,
			);
			mainGroup = 471E48BE2BE3AAA8008B0AE7;
			productRefGroup = 471E48C82BE3AAA8008B0AE7 /* Products */;
			projectDirPath = "";
			projectRoot = "";
			targets = (
				471E48C62BE3AAA8008B0AE7 /* Yokoso-Map-Practice */,
			);
		};
/* End PBXProject section */

/* Begin PBXResourcesBuildPhase section */
		471E48C52BE3AAA8008B0AE7 /* Resources */ = {
			isa = PBXResourcesBuildPhase;
			buildActionMask = 2147483647;
			files = (
				471E48D22BE3AAAA008B0AE7 /* Preview Assets.xcassets in Resources */,
				471E48CF2BE3AAAA008B0AE7 /* Assets.xcassets in Resources */,
			);
			runOnlyForDeploymentPostprocessing = 0;
		};
/* End PBXResourcesBuildPhase section */

/* Begin PBXSourcesBuildPhase section */
		471E48C32BE3AAA8008B0AE7 /* Sources */ = {
			isa = PBXSourcesBuildPhase;
			buildActionMask = 2147483647;
			files = (
				4746AE302C3A85C4005C91FB /* TutorialView.swift in Sources */,
				47C886932C0E1FB4006C2A68 /* LocationPreview.swift in Sources */,
				47BFE97D2BEC9341009E4D8D /* StationModel.swift in Sources */,
				4746AE882C482A97005C91FB /* SearchView.swift in Sources */,
				47B5EA6D2C2D46C1007B529E /* LauchScreen.swift in Sources */,
				47A52E8F2BF23A1000124352 /* HalfsheetView.swift in Sources */,
				471E48CD2BE3AAA8008B0AE7 /* ContentView.swift in Sources */,
				475B6FBE2C1705950031DCC8 /* LandmarkCardView.swift in Sources */,
				4754EA3A2BEDC1DB00FC17E6 /* StationDetail.swift in Sources */,
				4754EA3C2BEDC78F00FC17E6 /* TestView.swift in Sources */,
				478B6E5E2C1FFAB3001E9F32 /* NewPlaceView.swift in Sources */,
				471E48CB2BE3AAA8008B0AE7 /* Yokoso_Map_PracticeApp.swift in Sources */,
				475B6FBA2C16F4880031DCC8 /* TabViewImage.swift in Sources */,
				47074F6F2C318162003CF2B7 /* NewPlaceCard.swift in Sources */,
				47C886872C0D5C66006C2A68 /* MapView-Test.swift in Sources */,
				47C886952C109882006C2A68 /* SwiftUIView.swift in Sources */,
				475B6FBC2C16FA7D0031DCC8 /* WordButtonView.swift in Sources */,
				47A52E912BF34C6600124352 /* MapView.swift in Sources */,
				47074F6D2C316933003CF2B7 /* NewEreaCard.swift in Sources */,
				4754EA362BECB1DB00FC17E6 /* StationPoint.swift in Sources */,
				47B885042C240AAB003047F1 /* TermsView.swift in Sources */,
				47C886B62C119366006C2A68 /* PlaceSearchText.swift in Sources */,
				47B885062C240ACB003047F1 /* PrivacyPolicyView.swift in Sources */,
				478B6E602C1FFCE4001E9F32 /* TabImageView.swift in Sources */,
				47C8867E2C08917E006C2A68 /* ContentView2.swift in Sources */,
				475B6FB72C15BD470031DCC8 /* HomeView.swift in Sources */,
				47BFE97B2BE8ABB8009E4D8D /* LocationManager.swift in Sources */,
				47A52EEE2BF8E4D900124352 /* NewTestView.swift in Sources */,
				47B885002C24098B003047F1 /* SettingView.swift in Sources */,
			);
			runOnlyForDeploymentPostprocessing = 0;
		};
/* End PBXSourcesBuildPhase section */

/* Begin XCBuildConfiguration section */
		471E48D32BE3AAAA008B0AE7 /* Debug */ = {
			isa = XCBuildConfiguration;
			buildSettings = {
				ALWAYS_SEARCH_USER_PATHS = NO;
				ASSETCATALOG_COMPILER_GENERATE_SWIFT_ASSET_SYMBOL_EXTENSIONS = YES;
				CLANG_ANALYZER_NONNULL = YES;
				CLANG_ANALYZER_NUMBER_OBJECT_CONVERSION = YES_AGGRESSIVE;
				CLANG_CXX_LANGUAGE_STANDARD = "gnu++20";
				CLANG_ENABLE_MODULES = YES;
				CLANG_ENABLE_OBJC_ARC = YES;
				CLANG_ENABLE_OBJC_WEAK = YES;
				CLANG_WARN_BLOCK_CAPTURE_AUTORELEASING = YES;
				CLANG_WARN_BOOL_CONVERSION = YES;
				CLANG_WARN_COMMA = YES;
				CLANG_WARN_CONSTANT_CONVERSION = YES;
				CLANG_WARN_DEPRECATED_OBJC_IMPLEMENTATIONS = YES;
				CLANG_WARN_DIRECT_OBJC_ISA_USAGE = YES_ERROR;
				CLANG_WARN_DOCUMENTATION_COMMENTS = YES;
				CLANG_WARN_EMPTY_BODY = YES;
				CLANG_WARN_ENUM_CONVERSION = YES;
				CLANG_WARN_INFINITE_RECURSION = YES;
				CLANG_WARN_INT_CONVERSION = YES;
				CLANG_WARN_NON_LITERAL_NULL_CONVERSION = YES;
				CLANG_WARN_OBJC_IMPLICIT_RETAIN_SELF = YES;
				CLANG_WARN_OBJC_LITERAL_CONVERSION = YES;
				CLANG_WARN_OBJC_ROOT_CLASS = YES_ERROR;
				CLANG_WARN_QUOTED_INCLUDE_IN_FRAMEWORK_HEADER = YES;
				CLANG_WARN_RANGE_LOOP_ANALYSIS = YES;
				CLANG_WARN_STRICT_PROTOTYPES = YES;
				CLANG_WARN_SUSPICIOUS_MOVE = YES;
				CLANG_WARN_UNGUARDED_AVAILABILITY = YES_AGGRESSIVE;
				CLANG_WARN_UNREACHABLE_CODE = YES;
				CLANG_WARN__DUPLICATE_METHOD_MATCH = YES;
				COPY_PHASE_STRIP = NO;
				DEBUG_INFORMATION_FORMAT = dwarf;
				ENABLE_STRICT_OBJC_MSGSEND = YES;
				ENABLE_TESTABILITY = YES;
				ENABLE_USER_SCRIPT_SANDBOXING = YES;
				GCC_C_LANGUAGE_STANDARD = gnu17;
				GCC_DYNAMIC_NO_PIC = NO;
				GCC_NO_COMMON_BLOCKS = YES;
				GCC_OPTIMIZATION_LEVEL = 0;
				GCC_PREPROCESSOR_DEFINITIONS = (
					"DEBUG=1",
					"$(inherited)",
				);
				GCC_WARN_64_TO_32_BIT_CONVERSION = YES;
				GCC_WARN_ABOUT_RETURN_TYPE = YES_ERROR;
				GCC_WARN_UNDECLARED_SELECTOR = YES;
				GCC_WARN_UNINITIALIZED_AUTOS = YES_AGGRESSIVE;
				GCC_WARN_UNUSED_FUNCTION = YES;
				GCC_WARN_UNUSED_VARIABLE = YES;
				IPHONEOS_DEPLOYMENT_TARGET = 17.2;
				LOCALIZATION_PREFERS_STRING_CATALOGS = YES;
				MTL_ENABLE_DEBUG_INFO = INCLUDE_SOURCE;
				MTL_FAST_MATH = YES;
				ONLY_ACTIVE_ARCH = YES;
				SDKROOT = iphoneos;
				SWIFT_ACTIVE_COMPILATION_CONDITIONS = "DEBUG $(inherited)";
				SWIFT_OPTIMIZATION_LEVEL = "-Onone";
			};
			name = Debug;
		};
		471E48D42BE3AAAA008B0AE7 /* Release */ = {
			isa = XCBuildConfiguration;
			buildSettings = {
				ALWAYS_SEARCH_USER_PATHS = NO;
				ASSETCATALOG_COMPILER_GENERATE_SWIFT_ASSET_SYMBOL_EXTENSIONS = YES;
				CLANG_ANALYZER_NONNULL = YES;
				CLANG_ANALYZER_NUMBER_OBJECT_CONVERSION = YES_AGGRESSIVE;
				CLANG_CXX_LANGUAGE_STANDARD = "gnu++20";
				CLANG_ENABLE_MODULES = YES;
				CLANG_ENABLE_OBJC_ARC = YES;
				CLANG_ENABLE_OBJC_WEAK = YES;
				CLANG_WARN_BLOCK_CAPTURE_AUTORELEASING = YES;
				CLANG_WARN_BOOL_CONVERSION = YES;
				CLANG_WARN_COMMA = YES;
				CLANG_WARN_CONSTANT_CONVERSION = YES;
				CLANG_WARN_DEPRECATED_OBJC_IMPLEMENTATIONS = YES;
				CLANG_WARN_DIRECT_OBJC_ISA_USAGE = YES_ERROR;
				CLANG_WARN_DOCUMENTATION_COMMENTS = YES;
				CLANG_WARN_EMPTY_BODY = YES;
				CLANG_WARN_ENUM_CONVERSION = YES;
				CLANG_WARN_INFINITE_RECURSION = YES;
				CLANG_WARN_INT_CONVERSION = YES;
				CLANG_WARN_NON_LITERAL_NULL_CONVERSION = YES;
				CLANG_WARN_OBJC_IMPLICIT_RETAIN_SELF = YES;
				CLANG_WARN_OBJC_LITERAL_CONVERSION = YES;
				CLANG_WARN_OBJC_ROOT_CLASS = YES_ERROR;
				CLANG_WARN_QUOTED_INCLUDE_IN_FRAMEWORK_HEADER = YES;
				CLANG_WARN_RANGE_LOOP_ANALYSIS = YES;
				CLANG_WARN_STRICT_PROTOTYPES = YES;
				CLANG_WARN_SUSPICIOUS_MOVE = YES;
				CLANG_WARN_UNGUARDED_AVAILABILITY = YES_AGGRESSIVE;
				CLANG_WARN_UNREACHABLE_CODE = YES;
				CLANG_WARN__DUPLICATE_METHOD_MATCH = YES;
				COPY_PHASE_STRIP = NO;
				DEBUG_INFORMATION_FORMAT = "dwarf-with-dsym";
				ENABLE_NS_ASSERTIONS = NO;
				ENABLE_STRICT_OBJC_MSGSEND = YES;
				ENABLE_USER_SCRIPT_SANDBOXING = YES;
				GCC_C_LANGUAGE_STANDARD = gnu17;
				GCC_NO_COMMON_BLOCKS = YES;
				GCC_WARN_64_TO_32_BIT_CONVERSION = YES;
				GCC_WARN_ABOUT_RETURN_TYPE = YES_ERROR;
				GCC_WARN_UNDECLARED_SELECTOR = YES;
				GCC_WARN_UNINITIALIZED_AUTOS = YES_AGGRESSIVE;
				GCC_WARN_UNUSED_FUNCTION = YES;
				GCC_WARN_UNUSED_VARIABLE = YES;
				IPHONEOS_DEPLOYMENT_TARGET = 17.2;
				LOCALIZATION_PREFERS_STRING_CATALOGS = YES;
				MTL_ENABLE_DEBUG_INFO = NO;
				MTL_FAST_MATH = YES;
				SDKROOT = iphoneos;
				SWIFT_COMPILATION_MODE = wholemodule;
				VALIDATE_PRODUCT = YES;
			};
			name = Release;
		};
		471E48D62BE3AAAA008B0AE7 /* Debug */ = {
			isa = XCBuildConfiguration;
			buildSettings = {
				ASSETCATALOG_COMPILER_APPICON_NAME = AppIcon;
				ASSETCATALOG_COMPILER_GLOBAL_ACCENT_COLOR_NAME = AccentColor;
				CODE_SIGN_IDENTITY = "Apple Development";
				CODE_SIGN_STYLE = Automatic;
				CURRENT_PROJECT_VERSION = 1;
				DEVELOPMENT_ASSET_PATHS = "\"Yokoso-Map-Practice/Preview Content\"";
				DEVELOPMENT_TEAM = HB2C2JWPK5;
				ENABLE_PREVIEWS = YES;
				GENERATE_INFOPLIST_FILE = YES;
				INFOPLIST_FILE = "Yokoso-Map-Practice/Info.plist";
				INFOPLIST_KEY_NSLocationWhenInUseUsageDescription = "現在地の取得に使います";
				INFOPLIST_KEY_UIApplicationSceneManifest_Generation = YES;
				INFOPLIST_KEY_UIApplicationSupportsIndirectInputEvents = YES;
				INFOPLIST_KEY_UISupportedInterfaceOrientations_iPad = "UIInterfaceOrientationPortrait UIInterfaceOrientationPortraitUpsideDown UIInterfaceOrientationLandscapeLeft UIInterfaceOrientationLandscapeRight";
				INFOPLIST_KEY_UISupportedInterfaceOrientations_iPhone = "UIInterfaceOrientationPortrait UIInterfaceOrientationLandscapeLeft UIInterfaceOrientationLandscapeRight";
				LD_RUNPATH_SEARCH_PATHS = (
					"$(inherited)",
					"@executable_path/Frameworks",
				);
				MARKETING_VERSION = 1.0;
				PRODUCT_BUNDLE_IDENTIFIER = "Iccyan21.Yokoso-Map-Practice";
				PRODUCT_NAME = "$(TARGET_NAME)";
				PROVISIONING_PROFILE_SPECIFIER = "";
				SWIFT_EMIT_LOC_STRINGS = YES;
				SWIFT_VERSION = 5.0;
				TARGETED_DEVICE_FAMILY = "1,2";
			};
			name = Debug;
		};
		471E48D72BE3AAAA008B0AE7 /* Release */ = {
			isa = XCBuildConfiguration;
			buildSettings = {
				ASSETCATALOG_COMPILER_APPICON_NAME = AppIcon;
				ASSETCATALOG_COMPILER_GLOBAL_ACCENT_COLOR_NAME = AccentColor;
				CODE_SIGN_IDENTITY = "Apple Development";
				CODE_SIGN_STYLE = Automatic;
				CURRENT_PROJECT_VERSION = 1;
				DEVELOPMENT_ASSET_PATHS = "\"Yokoso-Map-Practice/Preview Content\"";
				DEVELOPMENT_TEAM = HB2C2JWPK5;
				ENABLE_PREVIEWS = YES;
				GENERATE_INFOPLIST_FILE = YES;
				INFOPLIST_FILE = "Yokoso-Map-Practice/Info.plist";
				INFOPLIST_KEY_NSLocationWhenInUseUsageDescription = "現在地の取得に使います";
				INFOPLIST_KEY_UIApplicationSceneManifest_Generation = YES;
				INFOPLIST_KEY_UIApplicationSupportsIndirectInputEvents = YES;
				INFOPLIST_KEY_UISupportedInterfaceOrientations_iPad = "UIInterfaceOrientationPortrait UIInterfaceOrientationPortraitUpsideDown UIInterfaceOrientationLandscapeLeft UIInterfaceOrientationLandscapeRight";
				INFOPLIST_KEY_UISupportedInterfaceOrientations_iPhone = "UIInterfaceOrientationPortrait UIInterfaceOrientationLandscapeLeft UIInterfaceOrientationLandscapeRight";
				LD_RUNPATH_SEARCH_PATHS = (
					"$(inherited)",
					"@executable_path/Frameworks",
				);
				MARKETING_VERSION = 1.0;
				PRODUCT_BUNDLE_IDENTIFIER = "Iccyan21.Yokoso-Map-Practice";
				PRODUCT_NAME = "$(TARGET_NAME)";
				PROVISIONING_PROFILE_SPECIFIER = "";
				SWIFT_EMIT_LOC_STRINGS = YES;
				SWIFT_VERSION = 5.0;
				TARGETED_DEVICE_FAMILY = "1,2";
			};
			name = Release;
		};
/* End XCBuildConfiguration section */

/* Begin XCConfigurationList section */
		471E48C22BE3AAA8008B0AE7 /* Build configuration list for PBXProject "Yokoso-Map-Practice" */ = {
			isa = XCConfigurationList;
			buildConfigurations = (
				471E48D32BE3AAAA008B0AE7 /* Debug */,
				471E48D42BE3AAAA008B0AE7 /* Release */,
			);
			defaultConfigurationIsVisible = 0;
			defaultConfigurationName = Release;
		};
		471E48D52BE3AAAA008B0AE7 /* Build configuration list for PBXNativeTarget "Yokoso-Map-Practice" */ = {
			isa = XCConfigurationList;
			buildConfigurations = (
				471E48D62BE3AAAA008B0AE7 /* Debug */,
				471E48D72BE3AAAA008B0AE7 /* Release */,
			);
			defaultConfigurationIsVisible = 0;
			defaultConfigurationName = Release;
		};
/* End XCConfigurationList section */
	};
	rootObject = 471E48BF2BE3AAA8008B0AE7 /* Project object */;
}
